
Microsoft Visual Studio Solution File, Format Version 12.00
# Visual Studio Version 16
VisualStudioVersion = 16.0.29519.181
MinimumVisualStudioVersion = 10.0.40219.1
Project("{FAE04EC0-301F-11D3-BF4B-00C04F79EFBC}") = "BoVoyageFinal", "BoVoyageFinal.csproj", "{C057BA5F-B4F5-4C73-B127-72E145635219}"
EndProject
Global
	GlobalSection(SolutionConfigurationPlatforms) = preSolution
		Debug|Any CPU = Debug|Any CPU
		Release|Any CPU = Release|Any CPU
	EndGlobalSection
	GlobalSection(ProjectConfigurationPlatforms) = postSolution
		{C057BA5F-B4F5-4C73-B127-72E145635219}.Debug|Any CPU.ActiveCfg = Debug|Any CPU
		{C057BA5F-B4F5-4C73-B127-72E145635219}.Debug|Any CPU.Build.0 = Debug|Any CPU
		{C057BA5F-B4F5-4C73-B127-72E145635219}.Release|Any CPU.ActiveCfg = Release|Any CPU
		{C057BA5F-B4F5-4C73-B127-72E145635219}.Release|Any CPU.Build.0 = Release|Any CPU
	EndGlobalSection
	GlobalSection(SolutionProperties) = preSolution
		HideSolutionNode = FALSE
	EndGlobalSection
	GlobalSection(ExtensibilityGlobals) = postSolution
		SolutionGuid = {F280D17A-7A0B-4F8E-B02F-A36BF661943C}
	EndGlobalSection
EndGlobal
